
Microsoft Visual Studio Solution File, Format Version 12.00
# Visual Studio Version 17
VisualStudioVersion = 17.13.35818.85 d17.13
MinimumVisualStudioVersion = 10.0.40219.1
Project("{FAE04EC0-301F-11D3-BF4B-00C04F79EFBC}") = "Firstclass", "Firstclass\Firstclass.csproj", "{3A0F5EE9-21F2-4E69-834B-0595D820F5DD}"
EndProject
Global
	GlobalSection(SolutionConfigurationPlatforms) = preSolution
		Debug|Any CPU = Debug|Any CPU
		Release|Any CPU = Release|Any CPU
	EndGlobalSection
	GlobalSection(ProjectConfigurationPlatforms) = postSolution
		{3A0F5EE9-21F2-4E69-834B-0595D820F5DD}.Debug|Any CPU.ActiveCfg = Debug|Any CPU
		{3A0F5EE9-21F2-4E69-834B-0595D820F5DD}.Debug|Any CPU.Build.0 = Debug|Any CPU
		{3A0F5EE9-21F2-4E69-834B-0595D820F5DD}.Release|Any CPU.ActiveCfg = Release|Any CPU
		{3A0F5EE9-21F2-4E69-834B-0595D820F5DD}.Release|Any CPU.Build.0 = Release|Any CPU
	EndGlobalSection
	GlobalSection(SolutionProperties) = preSolution
		HideSolutionNode = FALSE
	EndGlobalSection
	GlobalSection(ExtensibilityGlobals) = postSolution
		SolutionGuid = {C9D72315-7F76-42E1-BC3F-A5746DD9C92A}
	EndGlobalSection
EndGlobal
