
Microsoft Visual Studio Solution File, Format Version 12.00
# Visual Studio Version 17
VisualStudioVersion = 17.13.35818.85 d17.13
MinimumVisualStudioVersion = 10.0.40219.1
Project("{FAE04EC0-301F-11D3-BF4B-00C04F79EFBC}") = "1", "1.csproj", "{D65EBF03-AA0C-4330-9902-4C616654A6AD}"
EndProject
Global
	GlobalSection(SolutionConfigurationPlatforms) = preSolution
		Debug|Any CPU = Debug|Any CPU
		Release|Any CPU = Release|Any CPU
	EndGlobalSection
	GlobalSection(ProjectConfigurationPlatforms) = postSolution
		{D65EBF03-AA0C-4330-9902-4C616654A6AD}.Debug|Any CPU.ActiveCfg = Debug|Any CPU
		{D65EBF03-AA0C-4330-9902-4C616654A6AD}.Debug|Any CPU.Build.0 = Debug|Any CPU
		{D65EBF03-AA0C-4330-9902-4C616654A6AD}.Release|Any CPU.ActiveCfg = Release|Any CPU
		{D65EBF03-AA0C-4330-9902-4C616654A6AD}.Release|Any CPU.Build.0 = Release|Any CPU
	EndGlobalSection
	GlobalSection(SolutionProperties) = preSolution
		HideSolutionNode = FALSE
	EndGlobalSection
	GlobalSection(ExtensibilityGlobals) = postSolution
		SolutionGuid = {D1CE917E-9575-4A18-A5DB-0F9862CD5AC5}
	EndGlobalSection
EndGlobal
