
Microsoft Visual Studio Solution File, Format Version 12.00
# Visual Studio Version 17
VisualStudioVersion = 17.13.35818.85 d17.13
MinimumVisualStudioVersion = 10.0.40219.1
Project("{FAE04EC0-301F-11D3-BF4B-00C04F79EFBC}") = "lab1q2", "lab1q2.csproj", "{030978A9-108A-4A5B-858A-B573902A1CD4}"
EndProject
Global
	GlobalSection(SolutionConfigurationPlatforms) = preSolution
		Debug|Any CPU = Debug|Any CPU
		Release|Any CPU = Release|Any CPU
	EndGlobalSection
	GlobalSection(ProjectConfigurationPlatforms) = postSolution
		{030978A9-108A-4A5B-858A-B573902A1CD4}.Debug|Any CPU.ActiveCfg = Debug|Any CPU
		{030978A9-108A-4A5B-858A-B573902A1CD4}.Debug|Any CPU.Build.0 = Debug|Any CPU
		{030978A9-108A-4A5B-858A-B573902A1CD4}.Release|Any CPU.ActiveCfg = Release|Any CPU
		{030978A9-108A-4A5B-858A-B573902A1CD4}.Release|Any CPU.Build.0 = Release|Any CPU
	EndGlobalSection
	GlobalSection(SolutionProperties) = preSolution
		HideSolutionNode = FALSE
	EndGlobalSection
	GlobalSection(ExtensibilityGlobals) = postSolution
		SolutionGuid = {EB5B7978-4CD9-405D-95F9-C959F76B6E9D}
	EndGlobalSection
EndGlobal
