
Microsoft Visual Studio Solution File, Format Version 12.00
# Visual Studio Version 17
VisualStudioVersion = 17.13.35818.85 d17.13
MinimumVisualStudioVersion = 10.0.40219.1
Project("{FAE04EC0-301F-11D3-BF4B-00C04F79EFBC}") = "lab5q1", "lab5q1.csproj", "{87B4A3C3-9509-4F85-BE20-0854828E082D}"
EndProject
Global
	GlobalSection(SolutionConfigurationPlatforms) = preSolution
		Debug|Any CPU = Debug|Any CPU
		Release|Any CPU = Release|Any CPU
	EndGlobalSection
	GlobalSection(ProjectConfigurationPlatforms) = postSolution
		{87B4A3C3-9509-4F85-BE20-0854828E082D}.Debug|Any CPU.ActiveCfg = Debug|Any CPU
		{87B4A3C3-9509-4F85-BE20-0854828E082D}.Debug|Any CPU.Build.0 = Debug|Any CPU
		{87B4A3C3-9509-4F85-BE20-0854828E082D}.Release|Any CPU.ActiveCfg = Release|Any CPU
		{87B4A3C3-9509-4F85-BE20-0854828E082D}.Release|Any CPU.Build.0 = Release|Any CPU
	EndGlobalSection
	GlobalSection(SolutionProperties) = preSolution
		HideSolutionNode = FALSE
	EndGlobalSection
	GlobalSection(ExtensibilityGlobals) = postSolution
		SolutionGuid = {F4D05BB9-C4DC-455F-A32E-4FBC2F07E7E0}
	EndGlobalSection
EndGlobal
